
Microsoft Visual Studio Solution File, Format Version 12.00
# Visual Studio 14
VisualStudioVersion = 14.0.25420.1
MinimumVisualStudioVersion = 10.0.40219.1
Project("{FAE04EC0-301F-11D3-BF4B-00C04F79EFBC}") = "ProjetoAlison.Modelo", "ProjetoAlison.Modelo\ProjetoAlison.Modelo.csproj", "{410199D0-536B-49C1-B58F-A46BB2EE9813}"
EndProject
Project("{FAE04EC0-301F-11D3-BF4B-00C04F79EFBC}") = "ProjetoAlison.Entity", "ProjetoAlison.Entity\ProjetoAlison.Entity.csproj", "{BF65FFC8-B569-44CC-B378-D1A18BF9D44B}"
EndProject
Project("{FAE04EC0-301F-11D3-BF4B-00C04F79EFBC}") = "ProjetoAlison.Web", "ProjetoAlison.Web\ProjetoAlison.Web.csproj", "{BC8BCD51-9B4F-4156-A519-5018DD8D067E}"
EndProject
Project("{2150E333-8FDC-42A3-9474-1A3956D46DE8}") = "1.Dominio", "1.Dominio", "{6F485268-20A5-4DBD-9C1F-69ABB282833D}"
EndProject
Project("{2150E333-8FDC-42A3-9474-1A3956D46DE8}") = "2.Infraestrutura", "2.Infraestrutura", "{B202F707-EE75-4A89-91F5-9659DA61405B}"
EndProject
Project("{2150E333-8FDC-42A3-9474-1A3956D46DE8}") = "3.Apresentacao", "3.Apresentacao", "{2FDA8E91-942A-49D9-AB6F-1B78F39C694A}"
EndProject
Global
	GlobalSection(SolutionConfigurationPlatforms) = preSolution
		Debug|Any CPU = Debug|Any CPU
		Release|Any CPU = Release|Any CPU
	EndGlobalSection
	GlobalSection(ProjectConfigurationPlatforms) = postSolution
		{410199D0-536B-49C1-B58F-A46BB2EE9813}.Debug|Any CPU.ActiveCfg = Debug|Any CPU
		{410199D0-536B-49C1-B58F-A46BB2EE9813}.Debug|Any CPU.Build.0 = Debug|Any CPU
		{410199D0-536B-49C1-B58F-A46BB2EE9813}.Release|Any CPU.ActiveCfg = Release|Any CPU
		{410199D0-536B-49C1-B58F-A46BB2EE9813}.Release|Any CPU.Build.0 = Release|Any CPU
		{BF65FFC8-B569-44CC-B378-D1A18BF9D44B}.Debug|Any CPU.ActiveCfg = Debug|Any CPU
		{BF65FFC8-B569-44CC-B378-D1A18BF9D44B}.Debug|Any CPU.Build.0 = Debug|Any CPU
		{BF65FFC8-B569-44CC-B378-D1A18BF9D44B}.Release|Any CPU.ActiveCfg = Release|Any CPU
		{BF65FFC8-B569-44CC-B378-D1A18BF9D44B}.Release|Any CPU.Build.0 = Release|Any CPU
		{BC8BCD51-9B4F-4156-A519-5018DD8D067E}.Debug|Any CPU.ActiveCfg = Debug|Any CPU
		{BC8BCD51-9B4F-4156-A519-5018DD8D067E}.Debug|Any CPU.Build.0 = Debug|Any CPU
		{BC8BCD51-9B4F-4156-A519-5018DD8D067E}.Release|Any CPU.ActiveCfg = Release|Any CPU
		{BC8BCD51-9B4F-4156-A519-5018DD8D067E}.Release|Any CPU.Build.0 = Release|Any CPU
	EndGlobalSection
	GlobalSection(SolutionProperties) = preSolution
		HideSolutionNode = FALSE
	EndGlobalSection
	GlobalSection(NestedProjects) = preSolution
		{410199D0-536B-49C1-B58F-A46BB2EE9813} = {6F485268-20A5-4DBD-9C1F-69ABB282833D}
		{BF65FFC8-B569-44CC-B378-D1A18BF9D44B} = {B202F707-EE75-4A89-91F5-9659DA61405B}
		{BC8BCD51-9B4F-4156-A519-5018DD8D067E} = {2FDA8E91-942A-49D9-AB6F-1B78F39C694A}
	EndGlobalSection
EndGlobal
